<?xml version="1.0" encoding="utf-8"?>
<Project ToolsVersion="4.0" xmlns="http://schemas.microsoft.com/developer/msbuild/2003">
  <ItemGroup>
    <ClCompile Include="Source\LodePNG\lodepng.cpp" />
    <ClCompile Include="Source\Render2D.cpp" />
  </ItemGroup>
  <ItemGroup>
    <ClInclude Include="Source\Render2D.h" />
    <ClInclude Include="Source\LodePNG\lodepng.h" />
    <ClInclude Include="Source\D3DHelper.h" />
    <ClInclude Include="Source\DXGIHelper.h" />
  </ItemGroup>
  <ItemGroup>
    <FxCompile Include="Source\Shaders\vsColor.hlsl" />
    <FxCompile Include="Source\Shaders\vsTex.hlsl" />
    <FxCompile Include="Source\Shaders\vsEllipse.hlsl" />
    <FxCompile Include="Source\Shaders\psColor.hlsl" />
    <FxCompile Include="Source\Shaders\psTex.hlsl" />
    <FxCompile Include="Source\Shaders\psEllipse.hlsl" />
  </ItemGroup>
</Project>